
Microsoft Visual Studio Solution File, Format Version 12.00
# Visual Studio 15
VisualStudioVersion = 15.0.28307.572
MinimumVisualStudioVersion = 10.0.40219.1
Project("{2150E333-8FDC-42A3-9474-1A3956D46DE8}") = "Solution Items", "Solution Items", "{0E6C719C-89BB-4C83-BA00-AFECD9EA4671}"
	ProjectSection(SolutionItems) = preProject
		.dockerignore = .dockerignore
		ClearDatabases.sql = ClearDatabases.sql
		docker-compose.local.yml = docker-compose.local.yml
		docker-compose.yml = docker-compose.yml
		nuget.config = nuget.config
		RebuildAllDockerImages.ps1 = RebuildAllDockerImages.ps1
		RebuildAllDockerImages.sh = RebuildAllDockerImages.sh
		RemoveUnusedImages.ps1 = RemoveUnusedImages.ps1
		RemoveUnusedImages.sh = RemoveUnusedImages.sh
		StartSolution.ps1 = StartSolution.ps1
		StartSolution.sh = StartSolution.sh
		StopAndRemoveAllContainers.ps1 = StopAndRemoveAllContainers.ps1
		StopAndRemoveAllContainers.sh = StopAndRemoveAllContainers.sh
	EndProjectSection
EndProject
Project("{9A19103F-16F7-4668-BE54-9A1E7A4F7556}") = "AuditlogService", "AuditlogService\AuditlogService.csproj", "{3B1D211F-D875-4EE0-9827-13A682D408A7}"
EndProject
Project("{9A19103F-16F7-4668-BE54-9A1E7A4F7556}") = "BorderSecurityNotificationService", "NotificationService\BorderSecurityNotificationService.csproj", "{29AA4BC0-63E5-4B50-91DD-E52715A81495}"
EndProject
Project("{9A19103F-16F7-4668-BE54-9A1E7A4F7556}") = "Infrastructure.Messaging", "Infrastructure.Messaging\Infrastructure.Messaging.csproj", "{2A627307-3EB2-4011-B304-BBC256738493}"
EndProject
Project("{9A19103F-16F7-4668-BE54-9A1E7A4F7556}") = "FlightManagementAPI", "FlightManagementAPI\FlightManagementAPI.csproj", "{1286BE93-EA2D-4B03-84A2-40F615A61CA7}"
EndProject
Project("{9A19103F-16F7-4668-BE54-9A1E7A4F7556}") = "BaggageSetManagement", "BaggageSetManagementAPI\BaggageSetManagement.csproj", "{BD0D812C-A68E-44B6-9B66-6B0C6A58236D}"
EndProject
Project("{9A19103F-16F7-4668-BE54-9A1E7A4F7556}") = "FlightPlanningManagementAPI", "FlightPlanningManagementAPI\FlightPlanningManagementAPI.csproj", "{597FD754-2831-41F8-A5C4-B8A81CA030CF}"
EndProject
Project("{9A19103F-16F7-4668-BE54-9A1E7A4F7556}") = "FlightPlanningManagementEventHandler", "FlightPlanningManagementEventHandler\FlightPlanningManagementEventHandler.csproj", "{603B0F89-A8DA-4500-8B18-6020239317B9}"
EndProject
Project("{9A19103F-16F7-4668-BE54-9A1E7A4F7556}") = "BaggageSetManagementEventHandler", "BaggageSetManagementEventHandler\BaggageSetManagementEventHandler.csproj", "{F626DAE1-F7F7-4C85-BFC2-04DD6C7BDB5B}"
EndProject
Project("{9A19103F-16F7-4668-BE54-9A1E7A4F7556}") = "FlightScheduleManagementAPI", "FlightScheduleManagementAPI\FlightScheduleManagementAPI.csproj", "{6ACDA2DC-14B5-4D7A-9B2E-CA3B2A6E3D5C}"
EndProject
Project("{9A19103F-16F7-4668-BE54-9A1E7A4F7556}") = "FlightScheduleManagementEventHandler", "FlightScheduleManagementEventHandler\FlightScheduleManagementEventHandler.csproj", "{72ADE726-86AA-44A8-9FB4-DE9145DD63C7}"
EndProject
Global
	GlobalSection(SolutionConfigurationPlatforms) = preSolution
		Debug|Any CPU = Debug|Any CPU
		Debug|x64 = Debug|x64
		Debug|x86 = Debug|x86
		Release|Any CPU = Release|Any CPU
		Release|x64 = Release|x64
		Release|x86 = Release|x86
	EndGlobalSection
	GlobalSection(ProjectConfigurationPlatforms) = postSolution
		{3B1D211F-D875-4EE0-9827-13A682D408A7}.Debug|Any CPU.ActiveCfg = Debug|Any CPU
		{3B1D211F-D875-4EE0-9827-13A682D408A7}.Debug|Any CPU.Build.0 = Debug|Any CPU
		{3B1D211F-D875-4EE0-9827-13A682D408A7}.Debug|x64.ActiveCfg = Debug|Any CPU
		{3B1D211F-D875-4EE0-9827-13A682D408A7}.Debug|x64.Build.0 = Debug|Any CPU
		{3B1D211F-D875-4EE0-9827-13A682D408A7}.Debug|x86.ActiveCfg = Debug|Any CPU
		{3B1D211F-D875-4EE0-9827-13A682D408A7}.Debug|x86.Build.0 = Debug|Any CPU
		{3B1D211F-D875-4EE0-9827-13A682D408A7}.Release|Any CPU.ActiveCfg = Release|Any CPU
		{3B1D211F-D875-4EE0-9827-13A682D408A7}.Release|Any CPU.Build.0 = Release|Any CPU
		{3B1D211F-D875-4EE0-9827-13A682D408A7}.Release|x64.ActiveCfg = Release|Any CPU
		{3B1D211F-D875-4EE0-9827-13A682D408A7}.Release|x64.Build.0 = Release|Any CPU
		{3B1D211F-D875-4EE0-9827-13A682D408A7}.Release|x86.ActiveCfg = Release|Any CPU
		{3B1D211F-D875-4EE0-9827-13A682D408A7}.Release|x86.Build.0 = Release|Any CPU
		{29AA4BC0-63E5-4B50-91DD-E52715A81495}.Debug|Any CPU.ActiveCfg = Debug|Any CPU
		{29AA4BC0-63E5-4B50-91DD-E52715A81495}.Debug|x64.ActiveCfg = Debug|Any CPU
		{29AA4BC0-63E5-4B50-91DD-E52715A81495}.Debug|x64.Build.0 = Debug|Any CPU
		{29AA4BC0-63E5-4B50-91DD-E52715A81495}.Debug|x86.ActiveCfg = Debug|Any CPU
		{29AA4BC0-63E5-4B50-91DD-E52715A81495}.Debug|x86.Build.0 = Debug|Any CPU
		{29AA4BC0-63E5-4B50-91DD-E52715A81495}.Release|Any CPU.ActiveCfg = Release|Any CPU
		{29AA4BC0-63E5-4B50-91DD-E52715A81495}.Release|Any CPU.Build.0 = Release|Any CPU
		{29AA4BC0-63E5-4B50-91DD-E52715A81495}.Release|x64.ActiveCfg = Release|Any CPU
		{29AA4BC0-63E5-4B50-91DD-E52715A81495}.Release|x64.Build.0 = Release|Any CPU
		{29AA4BC0-63E5-4B50-91DD-E52715A81495}.Release|x86.ActiveCfg = Release|Any CPU
		{29AA4BC0-63E5-4B50-91DD-E52715A81495}.Release|x86.Build.0 = Release|Any CPU
		{2A627307-3EB2-4011-B304-BBC256738493}.Debug|Any CPU.ActiveCfg = Debug|Any CPU
		{2A627307-3EB2-4011-B304-BBC256738493}.Debug|Any CPU.Build.0 = Debug|Any CPU
		{2A627307-3EB2-4011-B304-BBC256738493}.Debug|x64.ActiveCfg = Debug|Any CPU
		{2A627307-3EB2-4011-B304-BBC256738493}.Debug|x64.Build.0 = Debug|Any CPU
		{2A627307-3EB2-4011-B304-BBC256738493}.Debug|x86.ActiveCfg = Debug|Any CPU
		{2A627307-3EB2-4011-B304-BBC256738493}.Debug|x86.Build.0 = Debug|Any CPU
		{2A627307-3EB2-4011-B304-BBC256738493}.Release|Any CPU.ActiveCfg = Release|Any CPU
		{2A627307-3EB2-4011-B304-BBC256738493}.Release|Any CPU.Build.0 = Release|Any CPU
		{2A627307-3EB2-4011-B304-BBC256738493}.Release|x64.ActiveCfg = Release|Any CPU
		{2A627307-3EB2-4011-B304-BBC256738493}.Release|x64.Build.0 = Release|Any CPU
		{2A627307-3EB2-4011-B304-BBC256738493}.Release|x86.ActiveCfg = Release|Any CPU
		{2A627307-3EB2-4011-B304-BBC256738493}.Release|x86.Build.0 = Release|Any CPU
		{1286BE93-EA2D-4B03-84A2-40F615A61CA7}.Debug|Any CPU.ActiveCfg = Debug|Any CPU
		{1286BE93-EA2D-4B03-84A2-40F615A61CA7}.Debug|Any CPU.Build.0 = Debug|Any CPU
		{1286BE93-EA2D-4B03-84A2-40F615A61CA7}.Debug|x64.ActiveCfg = Debug|Any CPU
		{1286BE93-EA2D-4B03-84A2-40F615A61CA7}.Debug|x64.Build.0 = Debug|Any CPU
		{1286BE93-EA2D-4B03-84A2-40F615A61CA7}.Debug|x86.ActiveCfg = Debug|Any CPU
		{1286BE93-EA2D-4B03-84A2-40F615A61CA7}.Debug|x86.Build.0 = Debug|Any CPU
		{1286BE93-EA2D-4B03-84A2-40F615A61CA7}.Release|Any CPU.ActiveCfg = Release|Any CPU
		{1286BE93-EA2D-4B03-84A2-40F615A61CA7}.Release|Any CPU.Build.0 = Release|Any CPU
		{1286BE93-EA2D-4B03-84A2-40F615A61CA7}.Release|x64.ActiveCfg = Release|Any CPU
		{1286BE93-EA2D-4B03-84A2-40F615A61CA7}.Release|x64.Build.0 = Release|Any CPU
		{1286BE93-EA2D-4B03-84A2-40F615A61CA7}.Release|x86.ActiveCfg = Release|Any CPU
		{1286BE93-EA2D-4B03-84A2-40F615A61CA7}.Release|x86.Build.0 = Release|Any CPU
		{BD0D812C-A68E-44B6-9B66-6B0C6A58236D}.Debug|Any CPU.ActiveCfg = Debug|Any CPU
		{BD0D812C-A68E-44B6-9B66-6B0C6A58236D}.Debug|Any CPU.Build.0 = Debug|Any CPU
		{BD0D812C-A68E-44B6-9B66-6B0C6A58236D}.Debug|x64.ActiveCfg = Debug|Any CPU
		{BD0D812C-A68E-44B6-9B66-6B0C6A58236D}.Debug|x64.Build.0 = Debug|Any CPU
		{BD0D812C-A68E-44B6-9B66-6B0C6A58236D}.Debug|x86.ActiveCfg = Debug|Any CPU
		{BD0D812C-A68E-44B6-9B66-6B0C6A58236D}.Debug|x86.Build.0 = Debug|Any CPU
		{BD0D812C-A68E-44B6-9B66-6B0C6A58236D}.Release|Any CPU.ActiveCfg = Release|Any CPU
		{BD0D812C-A68E-44B6-9B66-6B0C6A58236D}.Release|Any CPU.Build.0 = Release|Any CPU
		{BD0D812C-A68E-44B6-9B66-6B0C6A58236D}.Release|x64.ActiveCfg = Release|Any CPU
		{BD0D812C-A68E-44B6-9B66-6B0C6A58236D}.Release|x64.Build.0 = Release|Any CPU
		{BD0D812C-A68E-44B6-9B66-6B0C6A58236D}.Release|x86.ActiveCfg = Release|Any CPU
		{BD0D812C-A68E-44B6-9B66-6B0C6A58236D}.Release|x86.Build.0 = Release|Any CPU
		{597FD754-2831-41F8-A5C4-B8A81CA030CF}.Debug|Any CPU.ActiveCfg = Debug|Any CPU
		{597FD754-2831-41F8-A5C4-B8A81CA030CF}.Debug|Any CPU.Build.0 = Debug|Any CPU
		{597FD754-2831-41F8-A5C4-B8A81CA030CF}.Debug|x64.ActiveCfg = Debug|Any CPU
		{597FD754-2831-41F8-A5C4-B8A81CA030CF}.Debug|x64.Build.0 = Debug|Any CPU
		{597FD754-2831-41F8-A5C4-B8A81CA030CF}.Debug|x86.ActiveCfg = Debug|Any CPU
		{597FD754-2831-41F8-A5C4-B8A81CA030CF}.Debug|x86.Build.0 = Debug|Any CPU
		{597FD754-2831-41F8-A5C4-B8A81CA030CF}.Release|Any CPU.ActiveCfg = Release|Any CPU
		{597FD754-2831-41F8-A5C4-B8A81CA030CF}.Release|Any CPU.Build.0 = Release|Any CPU
		{597FD754-2831-41F8-A5C4-B8A81CA030CF}.Release|x64.ActiveCfg = Release|Any CPU
		{597FD754-2831-41F8-A5C4-B8A81CA030CF}.Release|x64.Build.0 = Release|Any CPU
		{597FD754-2831-41F8-A5C4-B8A81CA030CF}.Release|x86.ActiveCfg = Release|Any CPU
		{597FD754-2831-41F8-A5C4-B8A81CA030CF}.Release|x86.Build.0 = Release|Any CPU
		{603B0F89-A8DA-4500-8B18-6020239317B9}.Debug|Any CPU.ActiveCfg = Debug|Any CPU
		{603B0F89-A8DA-4500-8B18-6020239317B9}.Debug|Any CPU.Build.0 = Debug|Any CPU
		{603B0F89-A8DA-4500-8B18-6020239317B9}.Debug|x64.ActiveCfg = Debug|Any CPU
		{603B0F89-A8DA-4500-8B18-6020239317B9}.Debug|x64.Build.0 = Debug|Any CPU
		{603B0F89-A8DA-4500-8B18-6020239317B9}.Debug|x86.ActiveCfg = Debug|Any CPU
		{603B0F89-A8DA-4500-8B18-6020239317B9}.Debug|x86.Build.0 = Debug|Any CPU
		{603B0F89-A8DA-4500-8B18-6020239317B9}.Release|Any CPU.ActiveCfg = Release|Any CPU
		{603B0F89-A8DA-4500-8B18-6020239317B9}.Release|Any CPU.Build.0 = Release|Any CPU
		{603B0F89-A8DA-4500-8B18-6020239317B9}.Release|x64.ActiveCfg = Release|Any CPU
		{603B0F89-A8DA-4500-8B18-6020239317B9}.Release|x64.Build.0 = Release|Any CPU
		{603B0F89-A8DA-4500-8B18-6020239317B9}.Release|x86.ActiveCfg = Release|Any CPU
		{603B0F89-A8DA-4500-8B18-6020239317B9}.Release|x86.Build.0 = Release|Any CPU
		{F626DAE1-F7F7-4C85-BFC2-04DD6C7BDB5B}.Debug|Any CPU.ActiveCfg = Debug|Any CPU
		{F626DAE1-F7F7-4C85-BFC2-04DD6C7BDB5B}.Debug|Any CPU.Build.0 = Debug|Any CPU
		{F626DAE1-F7F7-4C85-BFC2-04DD6C7BDB5B}.Debug|x64.ActiveCfg = Debug|Any CPU
		{F626DAE1-F7F7-4C85-BFC2-04DD6C7BDB5B}.Debug|x64.Build.0 = Debug|Any CPU
		{F626DAE1-F7F7-4C85-BFC2-04DD6C7BDB5B}.Debug|x86.ActiveCfg = Debug|Any CPU
		{F626DAE1-F7F7-4C85-BFC2-04DD6C7BDB5B}.Debug|x86.Build.0 = Debug|Any CPU
		{F626DAE1-F7F7-4C85-BFC2-04DD6C7BDB5B}.Release|Any CPU.ActiveCfg = Release|Any CPU
		{F626DAE1-F7F7-4C85-BFC2-04DD6C7BDB5B}.Release|Any CPU.Build.0 = Release|Any CPU
		{F626DAE1-F7F7-4C85-BFC2-04DD6C7BDB5B}.Release|x64.ActiveCfg = Release|Any CPU
		{F626DAE1-F7F7-4C85-BFC2-04DD6C7BDB5B}.Release|x64.Build.0 = Release|Any CPU
		{F626DAE1-F7F7-4C85-BFC2-04DD6C7BDB5B}.Release|x86.ActiveCfg = Release|Any CPU
		{F626DAE1-F7F7-4C85-BFC2-04DD6C7BDB5B}.Release|x86.Build.0 = Release|Any CPU
		{6ACDA2DC-14B5-4D7A-9B2E-CA3B2A6E3D5C}.Debug|Any CPU.ActiveCfg = Debug|Any CPU
		{6ACDA2DC-14B5-4D7A-9B2E-CA3B2A6E3D5C}.Debug|Any CPU.Build.0 = Debug|Any CPU
		{6ACDA2DC-14B5-4D7A-9B2E-CA3B2A6E3D5C}.Debug|x64.ActiveCfg = Debug|Any CPU
		{6ACDA2DC-14B5-4D7A-9B2E-CA3B2A6E3D5C}.Debug|x64.Build.0 = Debug|Any CPU
		{6ACDA2DC-14B5-4D7A-9B2E-CA3B2A6E3D5C}.Debug|x86.ActiveCfg = Debug|Any CPU
		{6ACDA2DC-14B5-4D7A-9B2E-CA3B2A6E3D5C}.Debug|x86.Build.0 = Debug|Any CPU
		{6ACDA2DC-14B5-4D7A-9B2E-CA3B2A6E3D5C}.Release|Any CPU.ActiveCfg = Release|Any CPU
		{6ACDA2DC-14B5-4D7A-9B2E-CA3B2A6E3D5C}.Release|Any CPU.Build.0 = Release|Any CPU
		{6ACDA2DC-14B5-4D7A-9B2E-CA3B2A6E3D5C}.Release|x64.ActiveCfg = Release|Any CPU
		{6ACDA2DC-14B5-4D7A-9B2E-CA3B2A6E3D5C}.Release|x64.Build.0 = Release|Any CPU
		{6ACDA2DC-14B5-4D7A-9B2E-CA3B2A6E3D5C}.Release|x86.ActiveCfg = Release|Any CPU
		{6ACDA2DC-14B5-4D7A-9B2E-CA3B2A6E3D5C}.Release|x86.Build.0 = Release|Any CPU
		{72ADE726-86AA-44A8-9FB4-DE9145DD63C7}.Debug|Any CPU.ActiveCfg = Debug|Any CPU
		{72ADE726-86AA-44A8-9FB4-DE9145DD63C7}.Debug|Any CPU.Build.0 = Debug|Any CPU
		{72ADE726-86AA-44A8-9FB4-DE9145DD63C7}.Debug|x64.ActiveCfg = Debug|Any CPU
		{72ADE726-86AA-44A8-9FB4-DE9145DD63C7}.Debug|x64.Build.0 = Debug|Any CPU
		{72ADE726-86AA-44A8-9FB4-DE9145DD63C7}.Debug|x86.ActiveCfg = Debug|Any CPU
		{72ADE726-86AA-44A8-9FB4-DE9145DD63C7}.Debug|x86.Build.0 = Debug|Any CPU
		{72ADE726-86AA-44A8-9FB4-DE9145DD63C7}.Release|Any CPU.ActiveCfg = Release|Any CPU
		{72ADE726-86AA-44A8-9FB4-DE9145DD63C7}.Release|Any CPU.Build.0 = Release|Any CPU
		{72ADE726-86AA-44A8-9FB4-DE9145DD63C7}.Release|x64.ActiveCfg = Release|Any CPU
		{72ADE726-86AA-44A8-9FB4-DE9145DD63C7}.Release|x64.Build.0 = Release|Any CPU
		{72ADE726-86AA-44A8-9FB4-DE9145DD63C7}.Release|x86.ActiveCfg = Release|Any CPU
		{72ADE726-86AA-44A8-9FB4-DE9145DD63C7}.Release|x86.Build.0 = Release|Any CPU
	EndGlobalSection
	GlobalSection(SolutionProperties) = preSolution
		HideSolutionNode = FALSE
	EndGlobalSection
	GlobalSection(ExtensibilityGlobals) = postSolution
		SolutionGuid = {166FE303-DAE1-41D2-9440-FAD37BCD5A41}
	EndGlobalSection
EndGlobal
